
Microsoft Visual Studio Solution File, Format Version 12.00
# Visual Studio Version 17
VisualStudioVersion = 17.7.34221.43
MinimumVisualStudioVersion = 10.0.40219.1
Project("{FAE04EC0-301F-11D3-BF4B-00C04F79EFBC}") = "Eventos", "Eventos.csproj", "{61EF4AF3-F5D2-434E-9BA3-9B41E4860DDF}"
EndProject
Global
	GlobalSection(SolutionConfigurationPlatforms) = preSolution
		Debug|Any CPU = Debug|Any CPU
		Release|Any CPU = Release|Any CPU
	EndGlobalSection
	GlobalSection(ProjectConfigurationPlatforms) = postSolution
		{61EF4AF3-F5D2-434E-9BA3-9B41E4860DDF}.Debug|Any CPU.ActiveCfg = Debug|Any CPU
		{61EF4AF3-F5D2-434E-9BA3-9B41E4860DDF}.Debug|Any CPU.Build.0 = Debug|Any CPU
		{61EF4AF3-F5D2-434E-9BA3-9B41E4860DDF}.Release|Any CPU.ActiveCfg = Release|Any CPU
		{61EF4AF3-F5D2-434E-9BA3-9B41E4860DDF}.Release|Any CPU.Build.0 = Release|Any CPU
	EndGlobalSection
	GlobalSection(SolutionProperties) = preSolution
		HideSolutionNode = FALSE
	EndGlobalSection
	GlobalSection(ExtensibilityGlobals) = postSolution
		SolutionGuid = {A5FFFB05-6EDD-45F2-8428-14BA241E9371}
	EndGlobalSection
EndGlobal
